
Microsoft Visual Studio Solution File, Format Version 12.00
# Visual Studio Version 16
VisualStudioVersion = 16.0.30011.22
MinimumVisualStudioVersion = 10.0.40219.1
Project("{FAE04EC0-301F-11D3-BF4B-00C04F79EFBC}") = "RazorPagesMovie", "RazorPagesMovie.csproj", "{77F7A34E-80E8-49FE-B157-393B66EE4DEB}"
EndProject
Global
	GlobalSection(SolutionConfigurationPlatforms) = preSolution
		Debug|Any CPU = Debug|Any CPU
		Release|Any CPU = Release|Any CPU
	EndGlobalSection
	GlobalSection(ProjectConfigurationPlatforms) = postSolution
		{77F7A34E-80E8-49FE-B157-393B66EE4DEB}.Debug|Any CPU.ActiveCfg = Debug|Any CPU
		{77F7A34E-80E8-49FE-B157-393B66EE4DEB}.Debug|Any CPU.Build.0 = Debug|Any CPU
		{77F7A34E-80E8-49FE-B157-393B66EE4DEB}.Release|Any CPU.ActiveCfg = Release|Any CPU
		{77F7A34E-80E8-49FE-B157-393B66EE4DEB}.Release|Any CPU.Build.0 = Release|Any CPU
	EndGlobalSection
	GlobalSection(SolutionProperties) = preSolution
		HideSolutionNode = FALSE
	EndGlobalSection
	GlobalSection(ExtensibilityGlobals) = postSolution
		SolutionGuid = {B095A8D8-0D4D-4880-8408-8580398EFAD4}
	EndGlobalSection
EndGlobal
